
Microsoft Visual Studio Solution File, Format Version 12.00
# Visual Studio 15
VisualStudioVersion = 15.0.28010.2036
MinimumVisualStudioVersion = 10.0.40219.1
Project("{9A19103F-16F7-4668-BE54-9A1E7A4F7556}") = "NIdentityServer.UI", "NIdentityServer.UI\NIdentityServer.UI.csproj", "{1B731960-2ACA-44DB-B515-379224D82FEB}"
EndProject
Project("{9A19103F-16F7-4668-BE54-9A1E7A4F7556}") = "IdentityServer.Tester", "NIdentityServer.Tester\IdentityServer.Tester.csproj", "{4E955A26-4BB3-4C05-A58E-849D92835C5D}"
EndProject
Project("{9A19103F-16F7-4668-BE54-9A1E7A4F7556}") = "NIdentityServer.Test.Api", "NIdentityServer.Test.Api\NIdentityServer.Test.Api.csproj", "{9CC6BF08-892B-469F-BF2B-467B45F23624}"
EndProject
Global
	GlobalSection(SolutionConfigurationPlatforms) = preSolution
		Debug|Any CPU = Debug|Any CPU
		Release|Any CPU = Release|Any CPU
	EndGlobalSection
	GlobalSection(ProjectConfigurationPlatforms) = postSolution
		{1B731960-2ACA-44DB-B515-379224D82FEB}.Debug|Any CPU.ActiveCfg = Debug|Any CPU
		{1B731960-2ACA-44DB-B515-379224D82FEB}.Debug|Any CPU.Build.0 = Debug|Any CPU
		{1B731960-2ACA-44DB-B515-379224D82FEB}.Release|Any CPU.ActiveCfg = Release|Any CPU
		{1B731960-2ACA-44DB-B515-379224D82FEB}.Release|Any CPU.Build.0 = Release|Any CPU
		{4E955A26-4BB3-4C05-A58E-849D92835C5D}.Debug|Any CPU.ActiveCfg = Debug|Any CPU
		{4E955A26-4BB3-4C05-A58E-849D92835C5D}.Debug|Any CPU.Build.0 = Debug|Any CPU
		{4E955A26-4BB3-4C05-A58E-849D92835C5D}.Release|Any CPU.ActiveCfg = Release|Any CPU
		{4E955A26-4BB3-4C05-A58E-849D92835C5D}.Release|Any CPU.Build.0 = Release|Any CPU
		{9CC6BF08-892B-469F-BF2B-467B45F23624}.Debug|Any CPU.ActiveCfg = Debug|Any CPU
		{9CC6BF08-892B-469F-BF2B-467B45F23624}.Debug|Any CPU.Build.0 = Debug|Any CPU
		{9CC6BF08-892B-469F-BF2B-467B45F23624}.Release|Any CPU.ActiveCfg = Release|Any CPU
		{9CC6BF08-892B-469F-BF2B-467B45F23624}.Release|Any CPU.Build.0 = Release|Any CPU
	EndGlobalSection
	GlobalSection(SolutionProperties) = preSolution
		HideSolutionNode = FALSE
	EndGlobalSection
	GlobalSection(ExtensibilityGlobals) = postSolution
		SolutionGuid = {D444066C-FEC4-49FE-89C3-91D364D00EAE}
	EndGlobalSection
EndGlobal
